{
  "requires": true,
  "lockfileVersion": 1,
  "dependencies": {
    "@types/history": {
      "version": "4.7.2",
      "resolved": "https://registry.npmjs.org/@types/history/-/history-4.7.2.tgz",
      "integrity": "sha512-ui3WwXmjTaY73fOQ3/m3nnajU/Orhi6cEu5rzX+BrAAJxa3eITXZ5ch9suPqtM03OWhAHhPSyBGCN4UKoxO20Q=="
    },
    "@types/node": {
      "version": "10.12.5",
      "resolved": "https://registry.npmjs.org/@types/node/-/node-10.12.5.tgz",
      "integrity": "sha512-GzdHjq3t3eGLMv92Al90Iq+EoLL+86mPfQhuglbBFO7HiLdC/rkt+zrzJJumAiBF6nsrBWhou22rPW663AAyFw=="
    },
    "@types/prop-types": {
      "version": "15.5.6",
      "resolved": "https://registry.npmjs.org/@types/prop-types/-/prop-types-15.5.6.tgz",
      "integrity": "sha512-ZBFR7TROLVzCkswA3Fmqq+IIJt62/T7aY/Dmz+QkU7CaW2QFqAitCE8Ups7IzmGhcN1YWMBT4Qcoc07jU9hOJQ=="
    },
    "@types/reach__router": {
      "version": "1.2.2",
      "resolved": "https://registry.npmjs.org/@types/reach__router/-/reach__router-1.2.2.tgz",
      "integrity": "sha512-ktF+0xWesuojMlU8UR+7O9qU9Ff76gO/0Lc+QXQYpTDK0qz4a0l/fJYOLmMJKVY7LKGLBmB3TBs7Fvg4nibQsA==",
      "requires": {
        "@types/history": "*",
        "@types/react": "*"
      }
    },
    "@types/react": {
      "version": "16.7.2",
      "resolved": "https://registry.npmjs.org/@types/react/-/react-16.7.2.tgz",
      "integrity": "sha512-Z7gw8jYM+RYPU1sIiDYeICQXZwG+0PhCF3Jr0nFGuydUnPaQEno/4E8vzr19B2UGtL+2TPcSHMqdsP5JU/w4UA==",
      "requires": {
        "@types/prop-types": "*",
        "csstype": "^2.2.0"
      }
    },
    "@types/react-dom": {
      "version": "16.0.9",
      "resolved": "https://registry.npmjs.org/@types/react-dom/-/react-dom-16.0.9.tgz",
      "integrity": "sha512-4Z0bW+75zeQgsEg7RaNuS1k9MKhci7oQqZXxrV5KUGIyXZHHAAL3KA4rjhdH8o6foZ5xsRMSqkoM5A3yRVPR5w==",
      "requires": {
        "@types/node": "*",
        "@types/react": "*"
      }
    },
    "@types/react-router": {
      "version": "4.4.1",
      "resolved": "https://registry.npmjs.org/@types/react-router/-/react-router-4.4.1.tgz",
      "integrity": "sha512-CtQfdcXyMye3vflnQQ2sHU832iDJRoAr4P+7f964KlLYupXU1I5crP1+d/WnCMo6mmtjBjqQvxrtbAbodqerMA==",
      "dev": true,
      "requires": {
        "@types/history": "*",
        "@types/react": "*"
      }
    },
    "csstype": {
      "version": "2.5.7",
      "resolved": "https://registry.npmjs.org/csstype/-/csstype-2.5.7.tgz",
      "integrity": "sha512-Nt5VDyOTIIV4/nRFswoCKps1R5CD1hkiyjBE9/thNaNZILLEviVw9yWQw15+O+CpNjQKB/uvdcxFFOrSflY3Yw=="
    }
  }
}
